// !$*UTF8*$!
{
	archiveVersion = 1;
	classes = {
	};
	objectVersion = 77;
	objects = {

/* Begin PBXBuildFile section */
		802A2A4C2DB924FD00F88F2A /* HuanCapture in Frameworks */ = {isa = PBXBuildFile; productRef = 802A2A4B2DB924FD00F88F2A /* HuanCapture */; };
		802A2A502DB9256E00F88F2A /* HuanCapture in Frameworks */ = {isa = PBXBuildFile; productRef = 802A2A4F2DB9256E00F88F2A /* HuanCapture */; };
		802A2A582DB9265D00F88F2A /* HuanCapture in Frameworks */ = {isa = PBXBuildFile; productRef = 802A2A572DB9265D00F88F2A /* HuanCapture */; };
		802A2A5B2DB926CF00F88F2A /* HuanCapture in Frameworks */ = {isa = PBXBuildFile; productRef = 802A2A5A2DB926CF00F88F2A /* HuanCapture */; };
		802A2A6A2DBA0CF700F88F2A /* HuanCapture in Frameworks */ = {isa = PBXBuildFile; productRef = 802A2A692DBA0CF700F88F2A /* HuanCapture */; };
		8097DC982DC9FB3D0013E750 /* HuanCapture in Frameworks */ = {isa = PBXBuildFile; productRef = 8097DC972DC9FB3D0013E750 /* HuanCapture */; };
		8097DD372DCC67520013E750 /* HuanCapture in Frameworks */ = {isa = PBXBuildFile; productRef = 8097DD362DCC67520013E750 /* HuanCapture */; };
		80AABF892DD0D5090043DFFA /* HuanCapture in Frameworks */ = {isa = PBXBuildFile; productRef = 80AABF882DD0D5090043DFFA /* HuanCapture */; };
/* End PBXBuildFile section */

/* Begin PBXCopyFilesBuildPhase section */
		80AABF872DD0D3120043DFFA /* Embed Foundation Extensions */ = {
			isa = PBXCopyFilesBuildPhase;
			buildActionMask = 2147483647;
			dstPath = "";
			dstSubfolderSpec = 13;
			files = (
			);
			name = "Embed Foundation Extensions";
			runOnlyForDeploymentPostprocessing = 0;
		};
/* End PBXCopyFilesBuildPhase section */

/* Begin PBXFileReference section */
		805E14D62DB7F652004CF67D /* Demo.app */ = {isa = PBXFileReference; explicitFileType = wrapper.application; includeInIndex = 0; path = Demo.app; sourceTree = BUILT_PRODUCTS_DIR; };
		8097DD1C2DCC673C0013E750 /* OC_Demo.app */ = {isa = PBXFileReference; explicitFileType = wrapper.application; includeInIndex = 0; path = OC_Demo.app; sourceTree = BUILT_PRODUCTS_DIR; };
		80AABF572DD0D02E0043DFFA /* ScreenDemo.app */ = {isa = PBXFileReference; explicitFileType = wrapper.application; includeInIndex = 0; path = ScreenDemo.app; sourceTree = BUILT_PRODUCTS_DIR; };
		80AABF672DD0D3110043DFFA /* ReplayKit.framework */ = {isa = PBXFileReference; lastKnownFileType = wrapper.framework; name = ReplayKit.framework; path = System/Library/Frameworks/ReplayKit.framework; sourceTree = SDKROOT; };
		80AABF732DD0D3120043DFFA /* UIKit.framework */ = {isa = PBXFileReference; lastKnownFileType = wrapper.framework; name = UIKit.framework; path = System/Library/Frameworks/UIKit.framework; sourceTree = SDKROOT; };
		80FA1D812DBFCE6C0040B8F3 /* EsDemo.app */ = {isa = PBXFileReference; explicitFileType = wrapper.application; includeInIndex = 0; path = EsDemo.app; sourceTree = BUILT_PRODUCTS_DIR; };
/* End PBXFileReference section */

/* Begin PBXFileSystemSynchronizedBuildFileExceptionSet section */
		8097DD342DCC673D0013E750 /* Exceptions for "OC_Demo" folder in "OC_Demo" target */ = {
			isa = PBXFileSystemSynchronizedBuildFileExceptionSet;
			membershipExceptions = (
				Info.plist,
			);
			target = 8097DD1B2DCC673C0013E750 /* OC_Demo */;
		};
/* End PBXFileSystemSynchronizedBuildFileExceptionSet section */

/* Begin PBXFileSystemSynchronizedRootGroup section */
		805E14D72DB7F652004CF67D /* Demo */ = {
			isa = PBXFileSystemSynchronizedRootGroup;
			path = Demo;
			sourceTree = "<group>";
		};
		8097DD1D2DCC673C0013E750 /* OC_Demo */ = {
			isa = PBXFileSystemSynchronizedRootGroup;
			exceptions = (
				8097DD342DCC673D0013E750 /* Exceptions for "OC_Demo" folder in "OC_Demo" target */,
			);
			path = OC_Demo;
			sourceTree = "<group>";
		};
		80AABF582DD0D02E0043DFFA /* ScreenDemo */ = {
			isa = PBXFileSystemSynchronizedRootGroup;
			path = ScreenDemo;
			sourceTree = "<group>";
		};
		80FA1D822DBFCE6C0040B8F3 /* EsDemo */ = {
			isa = PBXFileSystemSynchronizedRootGroup;
			path = EsDemo;
			sourceTree = "<group>";
		};
/* End PBXFileSystemSynchronizedRootGroup section */

/* Begin PBXFrameworksBuildPhase section */
		805E14D32DB7F652004CF67D /* Frameworks */ = {
			isa = PBXFrameworksBuildPhase;
			buildActionMask = 2147483647;
			files = (
				802A2A6A2DBA0CF700F88F2A /* HuanCapture in Frameworks */,
				802A2A4C2DB924FD00F88F2A /* HuanCapture in Frameworks */,
				802A2A582DB9265D00F88F2A /* HuanCapture in Frameworks */,
				802A2A502DB9256E00F88F2A /* HuanCapture in Frameworks */,
				802A2A5B2DB926CF00F88F2A /* HuanCapture in Frameworks */,
			);
			runOnlyForDeploymentPostprocessing = 0;
		};
		8097DD192DCC673C0013E750 /* Frameworks */ = {
			isa = PBXFrameworksBuildPhase;
			buildActionMask = 2147483647;
			files = (
				8097DD372DCC67520013E750 /* HuanCapture in Frameworks */,
			);
			runOnlyForDeploymentPostprocessing = 0;
		};
		80AABF542DD0D02E0043DFFA /* Frameworks */ = {
			isa = PBXFrameworksBuildPhase;
			buildActionMask = 2147483647;
			files = (
				80AABF892DD0D5090043DFFA /* HuanCapture in Frameworks */,
			);
			runOnlyForDeploymentPostprocessing = 0;
		};
		80FA1D7E2DBFCE6C0040B8F3 /* Frameworks */ = {
			isa = PBXFrameworksBuildPhase;
			buildActionMask = 2147483647;
			files = (
				8097DC982DC9FB3D0013E750 /* HuanCapture in Frameworks */,
			);
			runOnlyForDeploymentPostprocessing = 0;
		};
/* End PBXFrameworksBuildPhase section */

/* Begin PBXGroup section */
		805E14BE2DB7F630004CF67D = {
			isa = PBXGroup;
			children = (
				805E14D72DB7F652004CF67D /* Demo */,
				80FA1D822DBFCE6C0040B8F3 /* EsDemo */,
				8097DD1D2DCC673C0013E750 /* OC_Demo */,
				80AABF582DD0D02E0043DFFA /* ScreenDemo */,
				805E14E12DB7F696004CF67D /* Frameworks */,
				805E14C92DB7F630004CF67D /* Products */,
			);
			sourceTree = "<group>";
		};
		805E14C92DB7F630004CF67D /* Products */ = {
			isa = PBXGroup;
			children = (
				805E14D62DB7F652004CF67D /* Demo.app */,
				80FA1D812DBFCE6C0040B8F3 /* EsDemo.app */,
				8097DD1C2DCC673C0013E750 /* OC_Demo.app */,
				80AABF572DD0D02E0043DFFA /* ScreenDemo.app */,
			);
			name = Products;
			sourceTree = "<group>";
		};
		805E14E12DB7F696004CF67D /* Frameworks */ = {
			isa = PBXGroup;
			children = (
				80AABF672DD0D3110043DFFA /* ReplayKit.framework */,
				80AABF732DD0D3120043DFFA /* UIKit.framework */,
			);
			name = Frameworks;
			sourceTree = "<group>";
		};
/* End PBXGroup section */

/* Begin PBXNativeTarget section */
		805E14D52DB7F652004CF67D /* Demo */ = {
			isa = PBXNativeTarget;
			buildConfigurationList = 805E14DE2DB7F653004CF67D /* Build configuration list for PBXNativeTarget "Demo" */;
			buildPhases = (
				805E14D22DB7F652004CF67D /* Sources */,
				805E14D32DB7F652004CF67D /* Frameworks */,
				805E14D42DB7F652004CF67D /* Resources */,
				80AABF872DD0D3120043DFFA /* Embed Foundation Extensions */,
			);
			buildRules = (
			);
			dependencies = (
			);
			fileSystemSynchronizedGroups = (
				805E14D72DB7F652004CF67D /* Demo */,
			);
			name = Demo;
			packageProductDependencies = (
				802A2A4B2DB924FD00F88F2A /* HuanCapture */,
				802A2A4F2DB9256E00F88F2A /* HuanCapture */,
				802A2A572DB9265D00F88F2A /* HuanCapture */,
				802A2A5A2DB926CF00F88F2A /* HuanCapture */,
				802A2A692DBA0CF700F88F2A /* HuanCapture */,
			);
			productName = Demo;
			productReference = 805E14D62DB7F652004CF67D /* Demo.app */;
			productType = "com.apple.product-type.application";
		};
		8097DD1B2DCC673C0013E750 /* OC_Demo */ = {
			isa = PBXNativeTarget;
			buildConfigurationList = 8097DD352DCC673D0013E750 /* Build configuration list for PBXNativeTarget "OC_Demo" */;
			buildPhases = (
				8097DD182DCC673C0013E750 /* Sources */,
				8097DD192DCC673C0013E750 /* Frameworks */,
				8097DD1A2DCC673C0013E750 /* Resources */,
			);
			buildRules = (
			);
			dependencies = (
			);
			fileSystemSynchronizedGroups = (
				8097DD1D2DCC673C0013E750 /* OC_Demo */,
			);
			name = OC_Demo;
			packageProductDependencies = (
				8097DD362DCC67520013E750 /* HuanCapture */,
			);
			productName = OC_Demo;
			productReference = 8097DD1C2DCC673C0013E750 /* OC_Demo.app */;
			productType = "com.apple.product-type.application";
		};
		80AABF562DD0D02E0043DFFA /* ScreenDemo */ = {
			isa = PBXNativeTarget;
			buildConfigurationList = 80AABF612DD0D0300043DFFA /* Build configuration list for PBXNativeTarget "ScreenDemo" */;
			buildPhases = (
				80AABF532DD0D02E0043DFFA /* Sources */,
				80AABF542DD0D02E0043DFFA /* Frameworks */,
				80AABF552DD0D02E0043DFFA /* Resources */,
			);
			buildRules = (
			);
			dependencies = (
			);
			fileSystemSynchronizedGroups = (
				80AABF582DD0D02E0043DFFA /* ScreenDemo */,
			);
			name = ScreenDemo;
			packageProductDependencies = (
				80AABF882DD0D5090043DFFA /* HuanCapture */,
			);
			productName = ScreenDemo;
			productReference = 80AABF572DD0D02E0043DFFA /* ScreenDemo.app */;
			productType = "com.apple.product-type.application";
		};
		80FA1D802DBFCE6C0040B8F3 /* EsDemo */ = {
			isa = PBXNativeTarget;
			buildConfigurationList = 80FA1D8B2DBFCE6D0040B8F3 /* Build configuration list for PBXNativeTarget "EsDemo" */;
			buildPhases = (
				80FA1D7D2DBFCE6C0040B8F3 /* Sources */,
				80FA1D7E2DBFCE6C0040B8F3 /* Frameworks */,
				80FA1D7F2DBFCE6C0040B8F3 /* Resources */,
			);
			buildRules = (
			);
			dependencies = (
			);
			fileSystemSynchronizedGroups = (
				80FA1D822DBFCE6C0040B8F3 /* EsDemo */,
			);
			name = EsDemo;
			packageProductDependencies = (
				8097DC972DC9FB3D0013E750 /* HuanCapture */,
			);
			productName = EsDemo;
			productReference = 80FA1D812DBFCE6C0040B8F3 /* EsDemo.app */;
			productType = "com.apple.product-type.application";
		};
/* End PBXNativeTarget section */

/* Begin PBXProject section */
		805E14BF2DB7F630004CF67D /* Project object */ = {
			isa = PBXProject;
			attributes = {
				BuildIndependentTargetsInParallel = 1;
				LastSwiftUpdateCheck = 1630;
				LastUpgradeCheck = 1630;
				TargetAttributes = {
					805E14D52DB7F652004CF67D = {
						CreatedOnToolsVersion = 16.3;
					};
					8097DD1B2DCC673C0013E750 = {
						CreatedOnToolsVersion = 16.3;
						LastSwiftMigration = 1630;
					};
					80AABF562DD0D02E0043DFFA = {
						CreatedOnToolsVersion = 16.3;
					};
					80FA1D802DBFCE6C0040B8F3 = {
						CreatedOnToolsVersion = 16.3;
					};
				};
			};
			buildConfigurationList = 805E14C22DB7F630004CF67D /* Build configuration list for PBXProject "HuanCapture" */;
			developmentRegion = en;
			hasScannedForEncodings = 0;
			knownRegions = (
				en,
				Base,
			);
			mainGroup = 805E14BE2DB7F630004CF67D;
			minimizedProjectReferenceProxies = 1;
			packageReferences = (
				80FA1D912DBFD0F20040B8F3 /* XCLocalSwiftPackageReference "../HuanCapture" */,
			);
			preferredProjectObjectVersion = 77;
			productRefGroup = 805E14C92DB7F630004CF67D /* Products */;
			projectDirPath = "";
			projectRoot = "";
			targets = (
				805E14D52DB7F652004CF67D /* Demo */,
				80FA1D802DBFCE6C0040B8F3 /* EsDemo */,
				8097DD1B2DCC673C0013E750 /* OC_Demo */,
				80AABF562DD0D02E0043DFFA /* ScreenDemo */,
			);
		};
/* End PBXProject section */

/* Begin PBXResourcesBuildPhase section */
		805E14D42DB7F652004CF67D /* Resources */ = {
			isa = PBXResourcesBuildPhase;
			buildActionMask = 2147483647;
			files = (
			);
			runOnlyForDeploymentPostprocessing = 0;
		};
		8097DD1A2DCC673C0013E750 /* Resources */ = {
			isa = PBXResourcesBuildPhase;
			buildActionMask = 2147483647;
			files = (
			);
			runOnlyForDeploymentPostprocessing = 0;
		};
		80AABF552DD0D02E0043DFFA /* Resources */ = {
			isa = PBXResourcesBuildPhase;
			buildActionMask = 2147483647;
			files = (
			);
			runOnlyForDeploymentPostprocessing = 0;
		};
		80FA1D7F2DBFCE6C0040B8F3 /* Resources */ = {
			isa = PBXResourcesBuildPhase;
			buildActionMask = 2147483647;
			files = (
			);
			runOnlyForDeploymentPostprocessing = 0;
		};
/* End PBXResourcesBuildPhase section */

/* Begin PBXSourcesBuildPhase section */
		805E14D22DB7F652004CF67D /* Sources */ = {
			isa = PBXSourcesBuildPhase;
			buildActionMask = 2147483647;
			files = (
			);
			runOnlyForDeploymentPostprocessing = 0;
		};
		8097DD182DCC673C0013E750 /* Sources */ = {
			isa = PBXSourcesBuildPhase;
			buildActionMask = 2147483647;
			files = (
			);
			runOnlyForDeploymentPostprocessing = 0;
		};
		80AABF532DD0D02E0043DFFA /* Sources */ = {
			isa = PBXSourcesBuildPhase;
			buildActionMask = 2147483647;
			files = (
			);
			runOnlyForDeploymentPostprocessing = 0;
		};
		80FA1D7D2DBFCE6C0040B8F3 /* Sources */ = {
			isa = PBXSourcesBuildPhase;
			buildActionMask = 2147483647;
			files = (
			);
			runOnlyForDeploymentPostprocessing = 0;
		};
/* End PBXSourcesBuildPhase section */

/* Begin XCBuildConfiguration section */
		805E14CD2DB7F630004CF67D /* Debug */ = {
			isa = XCBuildConfiguration;
			buildSettings = {
				ALWAYS_SEARCH_USER_PATHS = NO;
				ASSETCATALOG_COMPILER_GENERATE_SWIFT_ASSET_SYMBOL_EXTENSIONS = YES;
				CLANG_ANALYZER_NONNULL = YES;
				CLANG_ANALYZER_NUMBER_OBJECT_CONVERSION = YES_AGGRESSIVE;
				CLANG_CXX_LANGUAGE_STANDARD = "gnu++20";
				CLANG_ENABLE_MODULES = YES;
				CLANG_ENABLE_OBJC_ARC = YES;
				CLANG_ENABLE_OBJC_WEAK = YES;
				CLANG_WARN_BLOCK_CAPTURE_AUTORELEASING = YES;
				CLANG_WARN_BOOL_CONVERSION = YES;
				CLANG_WARN_COMMA = YES;
				CLANG_WARN_CONSTANT_CONVERSION = YES;
				CLANG_WARN_DEPRECATED_OBJC_IMPLEMENTATIONS = YES;
				CLANG_WARN_DIRECT_OBJC_ISA_USAGE = YES_ERROR;
				CLANG_WARN_DOCUMENTATION_COMMENTS = YES;
				CLANG_WARN_EMPTY_BODY = YES;
				CLANG_WARN_ENUM_CONVERSION = YES;
				CLANG_WARN_INFINITE_RECURSION = YES;
				CLANG_WARN_INT_CONVERSION = YES;
				CLANG_WARN_NON_LITERAL_NULL_CONVERSION = YES;
				CLANG_WARN_OBJC_IMPLICIT_RETAIN_SELF = YES;
				CLANG_WARN_OBJC_LITERAL_CONVERSION = YES;
				CLANG_WARN_OBJC_ROOT_CLASS = YES_ERROR;
				CLANG_WARN_QUOTED_INCLUDE_IN_FRAMEWORK_HEADER = YES;
				CLANG_WARN_RANGE_LOOP_ANALYSIS = YES;
				CLANG_WARN_STRICT_PROTOTYPES = YES;
				CLANG_WARN_SUSPICIOUS_MOVE = YES;
				CLANG_WARN_UNGUARDED_AVAILABILITY = YES_AGGRESSIVE;
				CLANG_WARN_UNREACHABLE_CODE = YES;
				CLANG_WARN__DUPLICATE_METHOD_MATCH = YES;
				COPY_PHASE_STRIP = NO;
				CURRENT_PROJECT_VERSION = 1;
				DEBUG_INFORMATION_FORMAT = dwarf;
				DEVELOPMENT_TEAM = SUKY3PD99D;
				ENABLE_STRICT_OBJC_MSGSEND = YES;
				ENABLE_TESTABILITY = YES;
				ENABLE_USER_SCRIPT_SANDBOXING = YES;
				GCC_C_LANGUAGE_STANDARD = gnu17;
				GCC_DYNAMIC_NO_PIC = NO;
				GCC_NO_COMMON_BLOCKS = YES;
				GCC_OPTIMIZATION_LEVEL = 0;
				GCC_PREPROCESSOR_DEFINITIONS = (
					"DEBUG=1",
					"$(inherited)",
				);
				GCC_WARN_64_TO_32_BIT_CONVERSION = YES;
				GCC_WARN_ABOUT_RETURN_TYPE = YES_ERROR;
				GCC_WARN_UNDECLARED_SELECTOR = YES;
				GCC_WARN_UNINITIALIZED_AUTOS = YES_AGGRESSIVE;
				GCC_WARN_UNUSED_FUNCTION = YES;
				GCC_WARN_UNUSED_VARIABLE = YES;
				IPHONEOS_DEPLOYMENT_TARGET = 18.4;
				LOCALIZATION_PREFERS_STRING_CATALOGS = YES;
				MTL_ENABLE_DEBUG_INFO = INCLUDE_SOURCE;
				MTL_FAST_MATH = YES;
				ONLY_ACTIVE_ARCH = YES;
				SDKROOT = iphoneos;
				SWIFT_ACTIVE_COMPILATION_CONDITIONS = "DEBUG $(inherited)";
				SWIFT_OPTIMIZATION_LEVEL = "-Onone";
				VERSIONING_SYSTEM = "apple-generic";
				VERSION_INFO_PREFIX = "";
			};
			name = Debug;
		};
		805E14CE2DB7F630004CF67D /* Release */ = {
			isa = XCBuildConfiguration;
			buildSettings = {
				ALWAYS_SEARCH_USER_PATHS = NO;
				ASSETCATALOG_COMPILER_GENERATE_SWIFT_ASSET_SYMBOL_EXTENSIONS = YES;
				CLANG_ANALYZER_NONNULL = YES;
				CLANG_ANALYZER_NUMBER_OBJECT_CONVERSION = YES_AGGRESSIVE;
				CLANG_CXX_LANGUAGE_STANDARD = "gnu++20";
				CLANG_ENABLE_MODULES = YES;
				CLANG_ENABLE_OBJC_ARC = YES;
				CLANG_ENABLE_OBJC_WEAK = YES;
				CLANG_WARN_BLOCK_CAPTURE_AUTORELEASING = YES;
				CLANG_WARN_BOOL_CONVERSION = YES;
				CLANG_WARN_COMMA = YES;
				CLANG_WARN_CONSTANT_CONVERSION = YES;
				CLANG_WARN_DEPRECATED_OBJC_IMPLEMENTATIONS = YES;
				CLANG_WARN_DIRECT_OBJC_ISA_USAGE = YES_ERROR;
				CLANG_WARN_DOCUMENTATION_COMMENTS = YES;
				CLANG_WARN_EMPTY_BODY = YES;
				CLANG_WARN_ENUM_CONVERSION = YES;
				CLANG_WARN_INFINITE_RECURSION = YES;
				CLANG_WARN_INT_CONVERSION = YES;
				CLANG_WARN_NON_LITERAL_NULL_CONVERSION = YES;
				CLANG_WARN_OBJC_IMPLICIT_RETAIN_SELF = YES;
				CLANG_WARN_OBJC_LITERAL_CONVERSION = YES;
				CLANG_WARN_OBJC_ROOT_CLASS = YES_ERROR;
				CLANG_WARN_QUOTED_INCLUDE_IN_FRAMEWORK_HEADER = YES;
				CLANG_WARN_RANGE_LOOP_ANALYSIS = YES;
				CLANG_WARN_STRICT_PROTOTYPES = YES;
				CLANG_WARN_SUSPICIOUS_MOVE = YES;
				CLANG_WARN_UNGUARDED_AVAILABILITY = YES_AGGRESSIVE;
				CLANG_WARN_UNREACHABLE_CODE = YES;
				CLANG_WARN__DUPLICATE_METHOD_MATCH = YES;
				COPY_PHASE_STRIP = NO;
				CURRENT_PROJECT_VERSION = 1;
				DEBUG_INFORMATION_FORMAT = "dwarf-with-dsym";
				DEVELOPMENT_TEAM = SUKY3PD99D;
				ENABLE_NS_ASSERTIONS = NO;
				ENABLE_STRICT_OBJC_MSGSEND = YES;
				ENABLE_USER_SCRIPT_SANDBOXING = YES;
				GCC_C_LANGUAGE_STANDARD = gnu17;
				GCC_NO_COMMON_BLOCKS = YES;
				GCC_WARN_64_TO_32_BIT_CONVERSION = YES;
				GCC_WARN_ABOUT_RETURN_TYPE = YES_ERROR;
				GCC_WARN_UNDECLARED_SELECTOR = YES;
				GCC_WARN_UNINITIALIZED_AUTOS = YES_AGGRESSIVE;
				GCC_WARN_UNUSED_FUNCTION = YES;
				GCC_WARN_UNUSED_VARIABLE = YES;
				IPHONEOS_DEPLOYMENT_TARGET = 18.4;
				LOCALIZATION_PREFERS_STRING_CATALOGS = YES;
				MTL_ENABLE_DEBUG_INFO = NO;
				MTL_FAST_MATH = YES;
				SDKROOT = iphoneos;
				SWIFT_COMPILATION_MODE = wholemodule;
				VALIDATE_PRODUCT = YES;
				VERSIONING_SYSTEM = "apple-generic";
				VERSION_INFO_PREFIX = "";
			};
			name = Release;
		};
		805E14DF2DB7F653004CF67D /* Debug */ = {
			isa = XCBuildConfiguration;
			buildSettings = {
				ASSETCATALOG_COMPILER_APPICON_NAME = AppIcon;
				ASSETCATALOG_COMPILER_GLOBAL_ACCENT_COLOR_NAME = AccentColor;
				CODE_SIGN_STYLE = Automatic;
				CURRENT_PROJECT_VERSION = 1;
				DEVELOPMENT_TEAM = SUKY3PD99D;
				ENABLE_PREVIEWS = YES;
				GENERATE_INFOPLIST_FILE = YES;
				INFOPLIST_KEY_NSCameraUsageDescription = "使用你的摄像头";
				INFOPLIST_KEY_UIApplicationSceneManifest_Generation = YES;
				INFOPLIST_KEY_UIApplicationSupportsIndirectInputEvents = YES;
				INFOPLIST_KEY_UILaunchScreen_Generation = YES;
				INFOPLIST_KEY_UISupportedInterfaceOrientations_iPad = "UIInterfaceOrientationPortrait UIInterfaceOrientationPortraitUpsideDown UIInterfaceOrientationLandscapeLeft UIInterfaceOrientationLandscapeRight";
				INFOPLIST_KEY_UISupportedInterfaceOrientations_iPhone = "UIInterfaceOrientationPortrait UIInterfaceOrientationLandscapeLeft UIInterfaceOrientationLandscapeRight";
				LD_RUNPATH_SEARCH_PATHS = (
					"$(inherited)",
					"@executable_path/Frameworks",
				);
				MARKETING_VERSION = 1.0;
				PRODUCT_BUNDLE_IDENTIFIER = com.birdmichael.Demo;
				PRODUCT_NAME = "$(TARGET_NAME)";
				SWIFT_EMIT_LOC_STRINGS = YES;
				SWIFT_VERSION = 5.0;
				TARGETED_DEVICE_FAMILY = "1,2";
			};
			name = Debug;
		};
		805E14E02DB7F653004CF67D /* Release */ = {
			isa = XCBuildConfiguration;
			buildSettings = {
				ASSETCATALOG_COMPILER_APPICON_NAME = AppIcon;
				ASSETCATALOG_COMPILER_GLOBAL_ACCENT_COLOR_NAME = AccentColor;
				CODE_SIGN_STYLE = Automatic;
				CURRENT_PROJECT_VERSION = 1;
				DEVELOPMENT_TEAM = SUKY3PD99D;
				ENABLE_PREVIEWS = YES;
				GENERATE_INFOPLIST_FILE = YES;
				INFOPLIST_KEY_NSCameraUsageDescription = "使用你的摄像头";
				INFOPLIST_KEY_UIApplicationSceneManifest_Generation = YES;
				INFOPLIST_KEY_UIApplicationSupportsIndirectInputEvents = YES;
				INFOPLIST_KEY_UILaunchScreen_Generation = YES;
				INFOPLIST_KEY_UISupportedInterfaceOrientations_iPad = "UIInterfaceOrientationPortrait UIInterfaceOrientationPortraitUpsideDown UIInterfaceOrientationLandscapeLeft UIInterfaceOrientationLandscapeRight";
				INFOPLIST_KEY_UISupportedInterfaceOrientations_iPhone = "UIInterfaceOrientationPortrait UIInterfaceOrientationLandscapeLeft UIInterfaceOrientationLandscapeRight";
				LD_RUNPATH_SEARCH_PATHS = (
					"$(inherited)",
					"@executable_path/Frameworks",
				);
				MARKETING_VERSION = 1.0;
				PRODUCT_BUNDLE_IDENTIFIER = com.birdmichael.Demo;
				PRODUCT_NAME = "$(TARGET_NAME)";
				SWIFT_EMIT_LOC_STRINGS = YES;
				SWIFT_VERSION = 5.0;
				TARGETED_DEVICE_FAMILY = "1,2";
			};
			name = Release;
		};
		8097DD322DCC673D0013E750 /* Debug */ = {
			isa = XCBuildConfiguration;
			buildSettings = {
				ASSETCATALOG_COMPILER_APPICON_NAME = AppIcon;
				ASSETCATALOG_COMPILER_GLOBAL_ACCENT_COLOR_NAME = AccentColor;
				CLANG_ENABLE_MODULES = YES;
				CODE_SIGN_STYLE = Automatic;
				CURRENT_PROJECT_VERSION = 1;
				DEVELOPMENT_TEAM = SUKY3PD99D;
				GENERATE_INFOPLIST_FILE = YES;
				INFOPLIST_FILE = OC_Demo/Info.plist;
				INFOPLIST_KEY_NSCameraUsageDescription = "使用摄像头";
				INFOPLIST_KEY_UIApplicationSupportsIndirectInputEvents = YES;
				INFOPLIST_KEY_UILaunchStoryboardName = LaunchScreen;
				INFOPLIST_KEY_UIMainStoryboardFile = Main;
				INFOPLIST_KEY_UISupportedInterfaceOrientations_iPad = "UIInterfaceOrientationPortrait UIInterfaceOrientationPortraitUpsideDown UIInterfaceOrientationLandscapeLeft UIInterfaceOrientationLandscapeRight";
				INFOPLIST_KEY_UISupportedInterfaceOrientations_iPhone = "UIInterfaceOrientationPortrait UIInterfaceOrientationLandscapeLeft UIInterfaceOrientationLandscapeRight";
				LD_RUNPATH_SEARCH_PATHS = (
					"$(inherited)",
					"@executable_path/Frameworks",
				);
				MARKETING_VERSION = 1.0;
				PRODUCT_BUNDLE_IDENTIFIER = "com.birdmichael.wechat.OC-Demo";
				PRODUCT_NAME = "$(TARGET_NAME)";
				SWIFT_EMIT_LOC_STRINGS = YES;
				SWIFT_OBJC_BRIDGING_HEADER = "OC_Demo/OC_Demo-Bridging-Header.h";
				SWIFT_OPTIMIZATION_LEVEL = "-Onone";
				SWIFT_VERSION = 6.0;
				TARGETED_DEVICE_FAMILY = "1,2";
			};
			name = Debug;
		};
		8097DD332DCC673D0013E750 /* Release */ = {
			isa = XCBuildConfiguration;
			buildSettings = {
				ASSETCATALOG_COMPILER_APPICON_NAME = AppIcon;
				ASSETCATALOG_COMPILER_GLOBAL_ACCENT_COLOR_NAME = AccentColor;
				CLANG_ENABLE_MODULES = YES;
				CODE_SIGN_STYLE = Automatic;
				CURRENT_PROJECT_VERSION = 1;
				DEVELOPMENT_TEAM = SUKY3PD99D;
				GENERATE_INFOPLIST_FILE = YES;
				INFOPLIST_FILE = OC_Demo/Info.plist;
				INFOPLIST_KEY_NSCameraUsageDescription = "使用摄像头";
				INFOPLIST_KEY_UIApplicationSupportsIndirectInputEvents = YES;
				INFOPLIST_KEY_UILaunchStoryboardName = LaunchScreen;
				INFOPLIST_KEY_UIMainStoryboardFile = Main;
				INFOPLIST_KEY_UISupportedInterfaceOrientations_iPad = "UIInterfaceOrientationPortrait UIInterfaceOrientationPortraitUpsideDown UIInterfaceOrientationLandscapeLeft UIInterfaceOrientationLandscapeRight";
				INFOPLIST_KEY_UISupportedInterfaceOrientations_iPhone = "UIInterfaceOrientationPortrait UIInterfaceOrientationLandscapeLeft UIInterfaceOrientationLandscapeRight";
				LD_RUNPATH_SEARCH_PATHS = (
					"$(inherited)",
					"@executable_path/Frameworks",
				);
				MARKETING_VERSION = 1.0;
				PRODUCT_BUNDLE_IDENTIFIER = "com.birdmichael.wechat.OC-Demo";
				PRODUCT_NAME = "$(TARGET_NAME)";
				SWIFT_EMIT_LOC_STRINGS = YES;
				SWIFT_OBJC_BRIDGING_HEADER = "OC_Demo/OC_Demo-Bridging-Header.h";
				SWIFT_VERSION = 6.0;
				TARGETED_DEVICE_FAMILY = "1,2";
			};
			name = Release;
		};
		80AABF5F2DD0D0300043DFFA /* Debug */ = {
			isa = XCBuildConfiguration;
			buildSettings = {
				ASSETCATALOG_COMPILER_APPICON_NAME = AppIcon;
				ASSETCATALOG_COMPILER_GLOBAL_ACCENT_COLOR_NAME = AccentColor;
				CODE_SIGN_ENTITLEMENTS = ScreenDemo/ScreenDemo.entitlements;
				CODE_SIGN_STYLE = Automatic;
				CURRENT_PROJECT_VERSION = 1;
				DEVELOPMENT_TEAM = SUKY3PD99D;
				ENABLE_PREVIEWS = YES;
				GENERATE_INFOPLIST_FILE = YES;
				INFOPLIST_KEY_UIApplicationSceneManifest_Generation = YES;
				INFOPLIST_KEY_UIApplicationSupportsIndirectInputEvents = YES;
				INFOPLIST_KEY_UILaunchScreen_Generation = YES;
				INFOPLIST_KEY_UISupportedInterfaceOrientations_iPad = "UIInterfaceOrientationPortrait UIInterfaceOrientationPortraitUpsideDown UIInterfaceOrientationLandscapeLeft UIInterfaceOrientationLandscapeRight";
				INFOPLIST_KEY_UISupportedInterfaceOrientations_iPhone = "UIInterfaceOrientationPortrait UIInterfaceOrientationLandscapeLeft UIInterfaceOrientationLandscapeRight";
				LD_RUNPATH_SEARCH_PATHS = (
					"$(inherited)",
					"@executable_path/Frameworks",
				);
				MARKETING_VERSION = 1.0;
				PRODUCT_BUNDLE_IDENTIFIER = com.birdmichael.wechat.ScreenDemo;
				PRODUCT_NAME = "$(TARGET_NAME)";
				SWIFT_EMIT_LOC_STRINGS = YES;
				SWIFT_VERSION = 5.0;
				TARGETED_DEVICE_FAMILY = "1,2";
			};
			name = Debug;
		};
		80AABF602DD0D0300043DFFA /* Release */ = {
			isa = XCBuildConfiguration;
			buildSettings = {
				ASSETCATALOG_COMPILER_APPICON_NAME = AppIcon;
				ASSETCATALOG_COMPILER_GLOBAL_ACCENT_COLOR_NAME = AccentColor;
				CODE_SIGN_ENTITLEMENTS = ScreenDemo/ScreenDemo.entitlements;
				CODE_SIGN_STYLE = Automatic;
				CURRENT_PROJECT_VERSION = 1;
				DEVELOPMENT_TEAM = SUKY3PD99D;
				ENABLE_PREVIEWS = YES;
				GENERATE_INFOPLIST_FILE = YES;
				INFOPLIST_KEY_UIApplicationSceneManifest_Generation = YES;
				INFOPLIST_KEY_UIApplicationSupportsIndirectInputEvents = YES;
				INFOPLIST_KEY_UILaunchScreen_Generation = YES;
				INFOPLIST_KEY_UISupportedInterfaceOrientations_iPad = "UIInterfaceOrientationPortrait UIInterfaceOrientationPortraitUpsideDown UIInterfaceOrientationLandscapeLeft UIInterfaceOrientationLandscapeRight";
				INFOPLIST_KEY_UISupportedInterfaceOrientations_iPhone = "UIInterfaceOrientationPortrait UIInterfaceOrientationLandscapeLeft UIInterfaceOrientationLandscapeRight";
				LD_RUNPATH_SEARCH_PATHS = (
					"$(inherited)",
					"@executable_path/Frameworks",
				);
				MARKETING_VERSION = 1.0;
				PRODUCT_BUNDLE_IDENTIFIER = com.birdmichael.wechat.ScreenDemo;
				PRODUCT_NAME = "$(TARGET_NAME)";
				SWIFT_EMIT_LOC_STRINGS = YES;
				SWIFT_VERSION = 5.0;
				TARGETED_DEVICE_FAMILY = "1,2";
			};
			name = Release;
		};
		80FA1D892DBFCE6D0040B8F3 /* Debug */ = {
			isa = XCBuildConfiguration;
			buildSettings = {
				ASSETCATALOG_COMPILER_APPICON_NAME = AppIcon;
				ASSETCATALOG_COMPILER_GLOBAL_ACCENT_COLOR_NAME = AccentColor;
				CODE_SIGN_STYLE = Automatic;
				CURRENT_PROJECT_VERSION = 1;
				DEVELOPMENT_TEAM = SUKY3PD99D;
				ENABLE_PREVIEWS = YES;
				GENERATE_INFOPLIST_FILE = YES;
				INFOPLIST_KEY_NSCameraUsageDescription = "使用你的摄像头";
				INFOPLIST_KEY_UIApplicationSceneManifest_Generation = YES;
				INFOPLIST_KEY_UIApplicationSupportsIndirectInputEvents = YES;
				INFOPLIST_KEY_UILaunchScreen_Generation = YES;
				INFOPLIST_KEY_UISupportedInterfaceOrientations_iPad = "UIInterfaceOrientationPortrait UIInterfaceOrientationPortraitUpsideDown UIInterfaceOrientationLandscapeLeft UIInterfaceOrientationLandscapeRight";
				INFOPLIST_KEY_UISupportedInterfaceOrientations_iPhone = "UIInterfaceOrientationPortrait UIInterfaceOrientationLandscapeLeft UIInterfaceOrientationLandscapeRight";
				LD_RUNPATH_SEARCH_PATHS = (
					"$(inherited)",
					"@executable_path/Frameworks",
				);
				MARKETING_VERSION = 1.0;
				PRODUCT_BUNDLE_IDENTIFIER = com.birdmichael.wechat.EsDemo;
				PRODUCT_NAME = "$(TARGET_NAME)";
				SWIFT_EMIT_LOC_STRINGS = YES;
				SWIFT_VERSION = 5.0;
				TARGETED_DEVICE_FAMILY = "1,2";
			};
			name = Debug;
		};
		80FA1D8A2DBFCE6D0040B8F3 /* Release */ = {
			isa = XCBuildConfiguration;
			buildSettings = {
				ASSETCATALOG_COMPILER_APPICON_NAME = AppIcon;
				ASSETCATALOG_COMPILER_GLOBAL_ACCENT_COLOR_NAME = AccentColor;
				CODE_SIGN_STYLE = Automatic;
				CURRENT_PROJECT_VERSION = 1;
				DEVELOPMENT_TEAM = SUKY3PD99D;
				ENABLE_PREVIEWS = YES;
				GENERATE_INFOPLIST_FILE = YES;
				INFOPLIST_KEY_NSCameraUsageDescription = "使用你的摄像头";
				INFOPLIST_KEY_UIApplicationSceneManifest_Generation = YES;
				INFOPLIST_KEY_UIApplicationSupportsIndirectInputEvents = YES;
				INFOPLIST_KEY_UILaunchScreen_Generation = YES;
				INFOPLIST_KEY_UISupportedInterfaceOrientations_iPad = "UIInterfaceOrientationPortrait UIInterfaceOrientationPortraitUpsideDown UIInterfaceOrientationLandscapeLeft UIInterfaceOrientationLandscapeRight";
				INFOPLIST_KEY_UISupportedInterfaceOrientations_iPhone = "UIInterfaceOrientationPortrait UIInterfaceOrientationLandscapeLeft UIInterfaceOrientationLandscapeRight";
				LD_RUNPATH_SEARCH_PATHS = (
					"$(inherited)",
					"@executable_path/Frameworks",
				);
				MARKETING_VERSION = 1.0;
				PRODUCT_BUNDLE_IDENTIFIER = com.birdmichael.wechat.EsDemo;
				PRODUCT_NAME = "$(TARGET_NAME)";
				SWIFT_EMIT_LOC_STRINGS = YES;
				SWIFT_VERSION = 5.0;
				TARGETED_DEVICE_FAMILY = "1,2";
			};
			name = Release;
		};
/* End XCBuildConfiguration section */

/* Begin XCConfigurationList section */
		805E14C22DB7F630004CF67D /* Build configuration list for PBXProject "HuanCapture" */ = {
			isa = XCConfigurationList;
			buildConfigurations = (
				805E14CD2DB7F630004CF67D /* Debug */,
				805E14CE2DB7F630004CF67D /* Release */,
			);
			defaultConfigurationIsVisible = 0;
			defaultConfigurationName = Release;
		};
		805E14DE2DB7F653004CF67D /* Build configuration list for PBXNativeTarget "Demo" */ = {
			isa = XCConfigurationList;
			buildConfigurations = (
				805E14DF2DB7F653004CF67D /* Debug */,
				805E14E02DB7F653004CF67D /* Release */,
			);
			defaultConfigurationIsVisible = 0;
			defaultConfigurationName = Release;
		};
		8097DD352DCC673D0013E750 /* Build configuration list for PBXNativeTarget "OC_Demo" */ = {
			isa = XCConfigurationList;
			buildConfigurations = (
				8097DD322DCC673D0013E750 /* Debug */,
				8097DD332DCC673D0013E750 /* Release */,
			);
			defaultConfigurationIsVisible = 0;
			defaultConfigurationName = Release;
		};
		80AABF612DD0D0300043DFFA /* Build configuration list for PBXNativeTarget "ScreenDemo" */ = {
			isa = XCConfigurationList;
			buildConfigurations = (
				80AABF5F2DD0D0300043DFFA /* Debug */,
				80AABF602DD0D0300043DFFA /* Release */,
			);
			defaultConfigurationIsVisible = 0;
			defaultConfigurationName = Release;
		};
		80FA1D8B2DBFCE6D0040B8F3 /* Build configuration list for PBXNativeTarget "EsDemo" */ = {
			isa = XCConfigurationList;
			buildConfigurations = (
				80FA1D892DBFCE6D0040B8F3 /* Debug */,
				80FA1D8A2DBFCE6D0040B8F3 /* Release */,
			);
			defaultConfigurationIsVisible = 0;
			defaultConfigurationName = Release;
		};
/* End XCConfigurationList section */

/* Begin XCLocalSwiftPackageReference section */
		80FA1D912DBFD0F20040B8F3 /* XCLocalSwiftPackageReference "../HuanCapture" */ = {
			isa = XCLocalSwiftPackageReference;
			relativePath = ../HuanCapture;
		};
/* End XCLocalSwiftPackageReference section */

/* Begin XCSwiftPackageProductDependency section */
		802A2A4B2DB924FD00F88F2A /* HuanCapture */ = {
			isa = XCSwiftPackageProductDependency;
			productName = HuanCapture;
		};
		802A2A4F2DB9256E00F88F2A /* HuanCapture */ = {
			isa = XCSwiftPackageProductDependency;
			productName = HuanCapture;
		};
		802A2A572DB9265D00F88F2A /* HuanCapture */ = {
			isa = XCSwiftPackageProductDependency;
			productName = HuanCapture;
		};
		802A2A5A2DB926CF00F88F2A /* HuanCapture */ = {
			isa = XCSwiftPackageProductDependency;
			productName = HuanCapture;
		};
		802A2A692DBA0CF700F88F2A /* HuanCapture */ = {
			isa = XCSwiftPackageProductDependency;
			productName = HuanCapture;
		};
		8097DC972DC9FB3D0013E750 /* HuanCapture */ = {
			isa = XCSwiftPackageProductDependency;
			package = 80FA1D912DBFD0F20040B8F3 /* XCLocalSwiftPackageReference "../HuanCapture" */;
			productName = HuanCapture;
		};
		8097DD362DCC67520013E750 /* HuanCapture */ = {
			isa = XCSwiftPackageProductDependency;
			package = 80FA1D912DBFD0F20040B8F3 /* XCLocalSwiftPackageReference "../HuanCapture" */;
			productName = HuanCapture;
		};
		80AABF882DD0D5090043DFFA /* HuanCapture */ = {
			isa = XCSwiftPackageProductDependency;
			package = 80FA1D912DBFD0F20040B8F3 /* XCLocalSwiftPackageReference "../HuanCapture" */;
			productName = HuanCapture;
		};
/* End XCSwiftPackageProductDependency section */
	};
	rootObject = 805E14BF2DB7F630004CF67D /* Project object */;
}
